// !$*UTF8*$!
{
	archiveVersion = 1;
	classes = {
	};
	objectVersion = 56;
	objects = {

/* Begin PBXBuildFile section */
		78DC0F672AD0E70500AB3DE5 /* AppDelegate.swift in Sources */ = {isa = PBXBuildFile; fileRef = 78DC0F662AD0E70500AB3DE5 /* AppDelegate.swift */; };
		78DC0F692AD0E70500AB3DE5 /* SceneDelegate.swift in Sources */ = {isa = PBXBuildFile; fileRef = 78DC0F682AD0E70500AB3DE5 /* SceneDelegate.swift */; };
		78DC0F6B2AD0E70500AB3DE5 /* ViewController.swift in Sources */ = {isa = PBXBuildFile; fileRef = 78DC0F6A2AD0E70500AB3DE5 /* ViewController.swift */; };
		78DC0F6E2AD0E70500AB3DE5 /* Main.storyboard in Resources */ = {isa = PBXBuildFile; fileRef = 78DC0F6C2AD0E70500AB3DE5 /* Main.storyboard */; };
		78DC0F702AD0E70700AB3DE5 /* Assets.xcassets in Resources */ = {isa = PBXBuildFile; fileRef = 78DC0F6F2AD0E70700AB3DE5 /* Assets.xcassets */; };
		78DC0F732AD0E70700AB3DE5 /* LaunchScreen.storyboard in Resources */ = {isa = PBXBuildFile; fileRef = 78DC0F712AD0E70700AB3DE5 /* LaunchScreen.storyboard */; };
		78DC0F7B2AD0ED1100AB3DE5 /* ViewModel.swift in Sources */ = {isa = PBXBuildFile; fileRef = 78DC0F7A2AD0ED1100AB3DE5 /* ViewModel.swift */; };
/* End PBXBuildFile section */

/* Begin PBXFileReference section */
		78DC0F632AD0E70500AB3DE5 /* MVC&MVVM.app */ = {isa = PBXFileReference; explicitFileType = wrapper.application; includeInIndex = 0; path = "MVC&MVVM.app"; sourceTree = BUILT_PRODUCTS_DIR; };
		78DC0F662AD0E70500AB3DE5 /* AppDelegate.swift */ = {isa = PBXFileReference; lastKnownFileType = sourcecode.swift; path = AppDelegate.swift; sourceTree = "<group>"; };
		78DC0F682AD0E70500AB3DE5 /* SceneDelegate.swift */ = {isa = PBXFileReference; lastKnownFileType = sourcecode.swift; path = SceneDelegate.swift; sourceTree = "<group>"; };
		78DC0F6A2AD0E70500AB3DE5 /* ViewController.swift */ = {isa = PBXFileReference; lastKnownFileType = sourcecode.swift; path = ViewController.swift; sourceTree = "<group>"; };
		78DC0F6D2AD0E70500AB3DE5 /* Base */ = {isa = PBXFileReference; lastKnownFileType = file.storyboard; name = Base; path = Base.lproj/Main.storyboard; sourceTree = "<group>"; };
		78DC0F6F2AD0E70700AB3DE5 /* Assets.xcassets */ = {isa = PBXFileReference; lastKnownFileType = folder.assetcatalog; path = Assets.xcassets; sourceTree = "<group>"; };
		78DC0F722AD0E70700AB3DE5 /* Base */ = {isa = PBXFileReference; lastKnownFileType = file.storyboard; name = Base; path = Base.lproj/LaunchScreen.storyboard; sourceTree = "<group>"; };
		78DC0F742AD0E70700AB3DE5 /* Info.plist */ = {isa = PBXFileReference; lastKnownFileType = text.plist.xml; path = Info.plist; sourceTree = "<group>"; };
		78DC0F7A2AD0ED1100AB3DE5 /* ViewModel.swift */ = {isa = PBXFileReference; lastKnownFileType = sourcecode.swift; path = ViewModel.swift; sourceTree = "<group>"; };
/* End PBXFileReference section */

/* Begin PBXFrameworksBuildPhase section */
		78DC0F602AD0E70500AB3DE5 /* Frameworks */ = {
			isa = PBXFrameworksBuildPhase;
			buildActionMask = 2147483647;
			files = (
			);
			runOnlyForDeploymentPostprocessing = 0;
		};
/* End PBXFrameworksBuildPhase section */

/* Begin PBXGroup section */
		78DC0F5A2AD0E70500AB3DE5 = {
			isa = PBXGroup;
			children = (
				78DC0F652AD0E70500AB3DE5 /* MVC&MVVM */,
				78DC0F642AD0E70500AB3DE5 /* Products */,
			);
			sourceTree = "<group>";
		};
		78DC0F642AD0E70500AB3DE5 /* Products */ = {
			isa = PBXGroup;
			children = (
				78DC0F632AD0E70500AB3DE5 /* MVC&MVVM.app */,
			);
			name = Products;
			sourceTree = "<group>";
		};
		78DC0F652AD0E70500AB3DE5 /* MVC&MVVM */ = {
			isa = PBXGroup;
			children = (
				78DC0F662AD0E70500AB3DE5 /* AppDelegate.swift */,
				78DC0F682AD0E70500AB3DE5 /* SceneDelegate.swift */,
				78DC0F6A2AD0E70500AB3DE5 /* ViewController.swift */,
				78DC0F7A2AD0ED1100AB3DE5 /* ViewModel.swift */,
				78DC0F6C2AD0E70500AB3DE5 /* Main.storyboard */,
				78DC0F6F2AD0E70700AB3DE5 /* Assets.xcassets */,
				78DC0F712AD0E70700AB3DE5 /* LaunchScreen.storyboard */,
				78DC0F742AD0E70700AB3DE5 /* Info.plist */,
			);
			path = "MVC&MVVM";
			sourceTree = "<group>";
		};
/* End PBXGroup section */

/* Begin PBXNativeTarget section */
		78DC0F622AD0E70500AB3DE5 /* MVC&MVVM */ = {
			isa = PBXNativeTarget;
			buildConfigurationList = 78DC0F772AD0E70700AB3DE5 /* Build configuration list for PBXNativeTarget "MVC&MVVM" */;
			buildPhases = (
				78DC0F5F2AD0E70500AB3DE5 /* Sources */,
				78DC0F602AD0E70500AB3DE5 /* Frameworks */,
				78DC0F612AD0E70500AB3DE5 /* Resources */,
			);
			buildRules = (
			);
			dependencies = (
			);
			name = "MVC&MVVM";
			productName = "MVC&MVVM";
			productReference = 78DC0F632AD0E70500AB3DE5 /* MVC&MVVM.app */;
			productType = "com.apple.product-type.application";
		};
/* End PBXNativeTarget section */

/* Begin PBXProject section */
		78DC0F5B2AD0E70500AB3DE5 /* Project object */ = {
			isa = PBXProject;
			attributes = {
				BuildIndependentTargetsInParallel = 1;
				LastSwiftUpdateCheck = 1430;
				LastUpgradeCheck = 1430;
				TargetAttributes = {
					78DC0F622AD0E70500AB3DE5 = {
						CreatedOnToolsVersion = 14.3;
					};
				};
			};
			buildConfigurationList = 78DC0F5E2AD0E70500AB3DE5 /* Build configuration list for PBXProject "MVC&MVVM" */;
			compatibilityVersion = "Xcode 14.0";
			developmentRegion = en;
			hasScannedForEncodings = 0;
			knownRegions = (
				en,
				Base,
			);
			mainGroup = 78DC0F5A2AD0E70500AB3DE5;
			productRefGroup = 78DC0F642AD0E70500AB3DE5 /* Products */;
			projectDirPath = "";
			projectRoot = "";
			targets = (
				78DC0F622AD0E70500AB3DE5 /* MVC&MVVM */,
			);
		};
/* End PBXProject section */

/* Begin PBXResourcesBuildPhase section */
		78DC0F612AD0E70500AB3DE5 /* Resources */ = {
			isa = PBXResourcesBuildPhase;
			buildActionMask = 2147483647;
			files = (
				78DC0F732AD0E70700AB3DE5 /* LaunchScreen.storyboard in Resources */,
				78DC0F702AD0E70700AB3DE5 /* Assets.xcassets in Resources */,
				78DC0F6E2AD0E70500AB3DE5 /* Main.storyboard in Resources */,
			);
			runOnlyForDeploymentPostprocessing = 0;
		};
/* End PBXResourcesBuildPhase section */

/* Begin PBXSourcesBuildPhase section */
		78DC0F5F2AD0E70500AB3DE5 /* Sources */ = {
			isa = PBXSourcesBuildPhase;
			buildActionMask = 2147483647;
			files = (
				78DC0F6B2AD0E70500AB3DE5 /* ViewController.swift in Sources */,
				78DC0F672AD0E70500AB3DE5 /* AppDelegate.swift in Sources */,
				78DC0F7B2AD0ED1100AB3DE5 /* ViewModel.swift in Sources */,
				78DC0F692AD0E70500AB3DE5 /* SceneDelegate.swift in Sources */,
			);
			runOnlyForDeploymentPostprocessing = 0;
		};
/* End PBXSourcesBuildPhase section */

/* Begin PBXVariantGroup section */
		78DC0F6C2AD0E70500AB3DE5 /* Main.storyboard */ = {
			isa = PBXVariantGroup;
			children = (
				78DC0F6D2AD0E70500AB3DE5 /* Base */,
			);
			name = Main.storyboard;
			sourceTree = "<group>";
		};
		78DC0F712AD0E70700AB3DE5 /* LaunchScreen.storyboard */ = {
			isa = PBXVariantGroup;
			children = (
				78DC0F722AD0E70700AB3DE5 /* Base */,
			);
			name = LaunchScreen.storyboard;
			sourceTree = "<group>";
		};
/* End PBXVariantGroup section */

/* Begin XCBuildConfiguration section */
		78DC0F752AD0E70700AB3DE5 /* Debug */ = {
			isa = XCBuildConfiguration;
			buildSettings = {
				ALWAYS_SEARCH_USER_PATHS = NO;
				CLANG_ANALYZER_NONNULL = YES;
				CLANG_ANALYZER_NUMBER_OBJECT_CONVERSION = YES_AGGRESSIVE;
				CLANG_CXX_LANGUAGE_STANDARD = "gnu++20";
				CLANG_ENABLE_MODULES = YES;
				CLANG_ENABLE_OBJC_ARC = YES;
				CLANG_ENABLE_OBJC_WEAK = YES;
				CLANG_WARN_BLOCK_CAPTURE_AUTORELEASING = YES;
				CLANG_WARN_BOOL_CONVERSION = YES;
				CLANG_WARN_COMMA = YES;
				CLANG_WARN_CONSTANT_CONVERSION = YES;
				CLANG_WARN_DEPRECATED_OBJC_IMPLEMENTATIONS = YES;
				CLANG_WARN_DIRECT_OBJC_ISA_USAGE = YES_ERROR;
				CLANG_WARN_DOCUMENTATION_COMMENTS = YES;
				CLANG_WARN_EMPTY_BODY = YES;
				CLANG_WARN_ENUM_CONVERSION = YES;
				CLANG_WARN_INFINITE_RECURSION = YES;
				CLANG_WARN_INT_CONVERSION = YES;
				CLANG_WARN_NON_LITERAL_NULL_CONVERSION = YES;
				CLANG_WARN_OBJC_IMPLICIT_RETAIN_SELF = YES;
				CLANG_WARN_OBJC_LITERAL_CONVERSION = YES;
				CLANG_WARN_OBJC_ROOT_CLASS = YES_ERROR;
				CLANG_WARN_QUOTED_INCLUDE_IN_FRAMEWORK_HEADER = YES;
				CLANG_WARN_RANGE_LOOP_ANALYSIS = YES;
				CLANG_WARN_STRICT_PROTOTYPES = YES;
				CLANG_WARN_SUSPICIOUS_MOVE = YES;
				CLANG_WARN_UNGUARDED_AVAILABILITY = YES_AGGRESSIVE;
				CLANG_WARN_UNREACHABLE_CODE = YES;
				CLANG_WARN__DUPLICATE_METHOD_MATCH = YES;
				COPY_PHASE_STRIP = NO;
				DEBUG_INFORMATION_FORMAT = dwarf;
				ENABLE_STRICT_OBJC_MSGSEND = YES;
				ENABLE_TESTABILITY = YES;
				GCC_C_LANGUAGE_STANDARD = gnu11;
				GCC_DYNAMIC_NO_PIC = NO;
				GCC_NO_COMMON_BLOCKS = YES;
				GCC_OPTIMIZATION_LEVEL = 0;
				GCC_PREPROCESSOR_DEFINITIONS = (
					"DEBUG=1",
					"$(inherited)",
				);
				GCC_WARN_64_TO_32_BIT_CONVERSION = YES;
				GCC_WARN_ABOUT_RETURN_TYPE = YES_ERROR;
				GCC_WARN_UNDECLARED_SELECTOR = YES;
				GCC_WARN_UNINITIALIZED_AUTOS = YES_AGGRESSIVE;
				GCC_WARN_UNUSED_FUNCTION = YES;
				GCC_WARN_UNUSED_VARIABLE = YES;
				IPHONEOS_DEPLOYMENT_TARGET = 16.4;
				MTL_ENABLE_DEBUG_INFO = INCLUDE_SOURCE;
				MTL_FAST_MATH = YES;
				ONLY_ACTIVE_ARCH = YES;
				SDKROOT = iphoneos;
				SWIFT_ACTIVE_COMPILATION_CONDITIONS = DEBUG;
				SWIFT_OPTIMIZATION_LEVEL = "-Onone";
			};
			name = Debug;
		};
		78DC0F762AD0E70700AB3DE5 /* Release */ = {
			isa = XCBuildConfiguration;
			buildSettings = {
				ALWAYS_SEARCH_USER_PATHS = NO;
				CLANG_ANALYZER_NONNULL = YES;
				CLANG_ANALYZER_NUMBER_OBJECT_CONVERSION = YES_AGGRESSIVE;
				CLANG_CXX_LANGUAGE_STANDARD = "gnu++20";
				CLANG_ENABLE_MODULES = YES;
				CLANG_ENABLE_OBJC_ARC = YES;
				CLANG_ENABLE_OBJC_WEAK = YES;
				CLANG_WARN_BLOCK_CAPTURE_AUTORELEASING = YES;
				CLANG_WARN_BOOL_CONVERSION = YES;
				CLANG_WARN_COMMA = YES;
				CLANG_WARN_CONSTANT_CONVERSION = YES;
				CLANG_WARN_DEPRECATED_OBJC_IMPLEMENTATIONS = YES;
				CLANG_WARN_DIRECT_OBJC_ISA_USAGE = YES_ERROR;
				CLANG_WARN_DOCUMENTATION_COMMENTS = YES;
				CLANG_WARN_EMPTY_BODY = YES;
				CLANG_WARN_ENUM_CONVERSION = YES;
				CLANG_WARN_INFINITE_RECURSION = YES;
				CLANG_WARN_INT_CONVERSION = YES;
				CLANG_WARN_NON_LITERAL_NULL_CONVERSION = YES;
				CLANG_WARN_OBJC_IMPLICIT_RETAIN_SELF = YES;
				CLANG_WARN_OBJC_LITERAL_CONVERSION = YES;
				CLANG_WARN_OBJC_ROOT_CLASS = YES_ERROR;
				CLANG_WARN_QUOTED_INCLUDE_IN_FRAMEWORK_HEADER = YES;
				CLANG_WARN_RANGE_LOOP_ANALYSIS = YES;
				CLANG_WARN_STRICT_PROTOTYPES = YES;
				CLANG_WARN_SUSPICIOUS_MOVE = YES;
				CLANG_WARN_UNGUARDED_AVAILABILITY = YES_AGGRESSIVE;
				CLANG_WARN_UNREACHABLE_CODE = YES;
				CLANG_WARN__DUPLICATE_METHOD_MATCH = YES;
				COPY_PHASE_STRIP = NO;
				DEBUG_INFORMATION_FORMAT = "dwarf-with-dsym";
				ENABLE_NS_ASSERTIONS = NO;
				ENABLE_STRICT_OBJC_MSGSEND = YES;
				GCC_C_LANGUAGE_STANDARD = gnu11;
				GCC_NO_COMMON_BLOCKS = YES;
				GCC_WARN_64_TO_32_BIT_CONVERSION = YES;
				GCC_WARN_ABOUT_RETURN_TYPE = YES_ERROR;
				GCC_WARN_UNDECLARED_SELECTOR = YES;
				GCC_WARN_UNINITIALIZED_AUTOS = YES_AGGRESSIVE;
				GCC_WARN_UNUSED_FUNCTION = YES;
				GCC_WARN_UNUSED_VARIABLE = YES;
				IPHONEOS_DEPLOYMENT_TARGET = 16.4;
				MTL_ENABLE_DEBUG_INFO = NO;
				MTL_FAST_MATH = YES;
				SDKROOT = iphoneos;
				SWIFT_COMPILATION_MODE = wholemodule;
				SWIFT_OPTIMIZATION_LEVEL = "-O";
				VALIDATE_PRODUCT = YES;
			};
			name = Release;
		};
		78DC0F782AD0E70700AB3DE5 /* Debug */ = {
			isa = XCBuildConfiguration;
			buildSettings = {
				ASSETCATALOG_COMPILER_APPICON_NAME = AppIcon;
				ASSETCATALOG_COMPILER_GLOBAL_ACCENT_COLOR_NAME = AccentColor;
				CODE_SIGN_STYLE = Automatic;
				CURRENT_PROJECT_VERSION = 1;
				DEVELOPMENT_TEAM = NY2YF9QVXX;
				GENERATE_INFOPLIST_FILE = YES;
				INFOPLIST_FILE = "MVC&MVVM/Info.plist";
				INFOPLIST_KEY_UIApplicationSupportsIndirectInputEvents = YES;
				INFOPLIST_KEY_UILaunchStoryboardName = LaunchScreen;
				INFOPLIST_KEY_UIMainStoryboardFile = Main;
				INFOPLIST_KEY_UISupportedInterfaceOrientations_iPad = "UIInterfaceOrientationPortrait UIInterfaceOrientationPortraitUpsideDown UIInterfaceOrientationLandscapeLeft UIInterfaceOrientationLandscapeRight";
				INFOPLIST_KEY_UISupportedInterfaceOrientations_iPhone = "UIInterfaceOrientationPortrait UIInterfaceOrientationLandscapeLeft UIInterfaceOrientationLandscapeRight";
				LD_RUNPATH_SEARCH_PATHS = (
					"$(inherited)",
					"@executable_path/Frameworks",
				);
				MARKETING_VERSION = 1.0;
				PRODUCT_BUNDLE_IDENTIFIER = "com.daehoon.MVC-MVVM";
				PRODUCT_NAME = "$(TARGET_NAME)";
				SWIFT_EMIT_LOC_STRINGS = YES;
				SWIFT_VERSION = 5.0;
				TARGETED_DEVICE_FAMILY = "1,2";
			};
			name = Debug;
		};
		78DC0F792AD0E70700AB3DE5 /* Release */ = {
			isa = XCBuildConfiguration;
			buildSettings = {
				ASSETCATALOG_COMPILER_APPICON_NAME = AppIcon;
				ASSETCATALOG_COMPILER_GLOBAL_ACCENT_COLOR_NAME = AccentColor;
				CODE_SIGN_STYLE = Automatic;
				CURRENT_PROJECT_VERSION = 1;
				DEVELOPMENT_TEAM = NY2YF9QVXX;
				GENERATE_INFOPLIST_FILE = YES;
				INFOPLIST_FILE = "MVC&MVVM/Info.plist";
				INFOPLIST_KEY_UIApplicationSupportsIndirectInputEvents = YES;
				INFOPLIST_KEY_UILaunchStoryboardName = LaunchScreen;
				INFOPLIST_KEY_UIMainStoryboardFile = Main;
				INFOPLIST_KEY_UISupportedInterfaceOrientations_iPad = "UIInterfaceOrientationPortrait UIInterfaceOrientationPortraitUpsideDown UIInterfaceOrientationLandscapeLeft UIInterfaceOrientationLandscapeRight";
				INFOPLIST_KEY_UISupportedInterfaceOrientations_iPhone = "UIInterfaceOrientationPortrait UIInterfaceOrientationLandscapeLeft UIInterfaceOrientationLandscapeRight";
				LD_RUNPATH_SEARCH_PATHS = (
					"$(inherited)",
					"@executable_path/Frameworks",
				);
				MARKETING_VERSION = 1.0;
				PRODUCT_BUNDLE_IDENTIFIER = "com.daehoon.MVC-MVVM";
				PRODUCT_NAME = "$(TARGET_NAME)";
				SWIFT_EMIT_LOC_STRINGS = YES;
				SWIFT_VERSION = 5.0;
				TARGETED_DEVICE_FAMILY = "1,2";
			};
			name = Release;
		};
/* End XCBuildConfiguration section */

/* Begin XCConfigurationList section */
		78DC0F5E2AD0E70500AB3DE5 /* Build configuration list for PBXProject "MVC&MVVM" */ = {
			isa = XCConfigurationList;
			buildConfigurations = (
				78DC0F752AD0E70700AB3DE5 /* Debug */,
				78DC0F762AD0E70700AB3DE5 /* Release */,
			);
			defaultConfigurationIsVisible = 0;
			defaultConfigurationName = Release;
		};
		78DC0F772AD0E70700AB3DE5 /* Build configuration list for PBXNativeTarget "MVC&MVVM" */ = {
			isa = XCConfigurationList;
			buildConfigurations = (
				78DC0F782AD0E70700AB3DE5 /* Debug */,
				78DC0F792AD0E70700AB3DE5 /* Release */,
			);
			defaultConfigurationIsVisible = 0;
			defaultConfigurationName = Release;
		};
/* End XCConfigurationList section */
	};
	rootObject = 78DC0F5B2AD0E70500AB3DE5 /* Project object */;
}
