// !$*UTF8*$!
{
	archiveVersion = 1;
	classes = {
	};
	objectVersion = 56;
	objects = {

/* Begin PBXBuildFile section */
		D28EF05A2AD0E63500ADC5AF /* AppDelegate.swift in Sources */ = {isa = PBXBuildFile; fileRef = D28EF0592AD0E63500ADC5AF /* AppDelegate.swift */; };
		D28EF05C2AD0E63500ADC5AF /* SceneDelegate.swift in Sources */ = {isa = PBXBuildFile; fileRef = D28EF05B2AD0E63500ADC5AF /* SceneDelegate.swift */; };
		D28EF05E2AD0E63500ADC5AF /* ViewController.swift in Sources */ = {isa = PBXBuildFile; fileRef = D28EF05D2AD0E63500ADC5AF /* ViewController.swift */; };
		D28EF0612AD0E63500ADC5AF /* Main.storyboard in Resources */ = {isa = PBXBuildFile; fileRef = D28EF05F2AD0E63500ADC5AF /* Main.storyboard */; };
		D28EF0632AD0E63600ADC5AF /* Assets.xcassets in Resources */ = {isa = PBXBuildFile; fileRef = D28EF0622AD0E63600ADC5AF /* Assets.xcassets */; };
		D28EF0662AD0E63600ADC5AF /* LaunchScreen.storyboard in Resources */ = {isa = PBXBuildFile; fileRef = D28EF0642AD0E63600ADC5AF /* LaunchScreen.storyboard */; };
		D28EF06E2AD0ED8400ADC5AF /* ViewModel.swift in Sources */ = {isa = PBXBuildFile; fileRef = D28EF06D2AD0ED8400ADC5AF /* ViewModel.swift */; };
		D28EF0702AD0EEA100ADC5AF /* Model.swift in Sources */ = {isa = PBXBuildFile; fileRef = D28EF06F2AD0EEA100ADC5AF /* Model.swift */; };
/* End PBXBuildFile section */

/* Begin PBXFileReference section */
		D28EF0562AD0E63500ADC5AF /* MVC&MVVM.app */ = {isa = PBXFileReference; explicitFileType = wrapper.application; includeInIndex = 0; path = "MVC&MVVM.app"; sourceTree = BUILT_PRODUCTS_DIR; };
		D28EF0592AD0E63500ADC5AF /* AppDelegate.swift */ = {isa = PBXFileReference; lastKnownFileType = sourcecode.swift; path = AppDelegate.swift; sourceTree = "<group>"; };
		D28EF05B2AD0E63500ADC5AF /* SceneDelegate.swift */ = {isa = PBXFileReference; lastKnownFileType = sourcecode.swift; path = SceneDelegate.swift; sourceTree = "<group>"; };
		D28EF05D2AD0E63500ADC5AF /* ViewController.swift */ = {isa = PBXFileReference; lastKnownFileType = sourcecode.swift; path = ViewController.swift; sourceTree = "<group>"; };
		D28EF0602AD0E63500ADC5AF /* Base */ = {isa = PBXFileReference; lastKnownFileType = file.storyboard; name = Base; path = Base.lproj/Main.storyboard; sourceTree = "<group>"; };
		D28EF0622AD0E63600ADC5AF /* Assets.xcassets */ = {isa = PBXFileReference; lastKnownFileType = folder.assetcatalog; path = Assets.xcassets; sourceTree = "<group>"; };
		D28EF0652AD0E63600ADC5AF /* Base */ = {isa = PBXFileReference; lastKnownFileType = file.storyboard; name = Base; path = Base.lproj/LaunchScreen.storyboard; sourceTree = "<group>"; };
		D28EF0672AD0E63600ADC5AF /* Info.plist */ = {isa = PBXFileReference; lastKnownFileType = text.plist.xml; path = Info.plist; sourceTree = "<group>"; };
		D28EF06D2AD0ED8400ADC5AF /* ViewModel.swift */ = {isa = PBXFileReference; lastKnownFileType = sourcecode.swift; path = ViewModel.swift; sourceTree = "<group>"; };
		D28EF06F2AD0EEA100ADC5AF /* Model.swift */ = {isa = PBXFileReference; lastKnownFileType = sourcecode.swift; path = Model.swift; sourceTree = "<group>"; };
/* End PBXFileReference section */

/* Begin PBXFrameworksBuildPhase section */
		D28EF0532AD0E63500ADC5AF /* Frameworks */ = {
			isa = PBXFrameworksBuildPhase;
			buildActionMask = 2147483647;
			files = (
			);
			runOnlyForDeploymentPostprocessing = 0;
		};
/* End PBXFrameworksBuildPhase section */

/* Begin PBXGroup section */
		D28EF04D2AD0E63500ADC5AF = {
			isa = PBXGroup;
			children = (
				D28EF0582AD0E63500ADC5AF /* MVC&MVVM */,
				D28EF0572AD0E63500ADC5AF /* Products */,
			);
			sourceTree = "<group>";
		};
		D28EF0572AD0E63500ADC5AF /* Products */ = {
			isa = PBXGroup;
			children = (
				D28EF0562AD0E63500ADC5AF /* MVC&MVVM.app */,
			);
			name = Products;
			sourceTree = "<group>";
		};
		D28EF0582AD0E63500ADC5AF /* MVC&MVVM */ = {
			isa = PBXGroup;
			children = (
				D28EF0722AD0F5B700ADC5AF /* View */,
				D28EF0732AD0F5C100ADC5AF /* ViewModel */,
				D28EF0742AD0F5CA00ADC5AF /* Model */,
				D28EF0712AD0F5A900ADC5AF /* App */,
				D28EF0622AD0E63600ADC5AF /* Assets.xcassets */,
				D28EF0672AD0E63600ADC5AF /* Info.plist */,
			);
			path = "MVC&MVVM";
			sourceTree = "<group>";
		};
		D28EF0712AD0F5A900ADC5AF /* App */ = {
			isa = PBXGroup;
			children = (
				D28EF0592AD0E63500ADC5AF /* AppDelegate.swift */,
				D28EF05B2AD0E63500ADC5AF /* SceneDelegate.swift */,
			);
			path = App;
			sourceTree = "<group>";
		};
		D28EF0722AD0F5B700ADC5AF /* View */ = {
			isa = PBXGroup;
			children = (
				D28EF0642AD0E63600ADC5AF /* LaunchScreen.storyboard */,
				D28EF05F2AD0E63500ADC5AF /* Main.storyboard */,
				D28EF05D2AD0E63500ADC5AF /* ViewController.swift */,
			);
			path = View;
			sourceTree = "<group>";
		};
		D28EF0732AD0F5C100ADC5AF /* ViewModel */ = {
			isa = PBXGroup;
			children = (
				D28EF06D2AD0ED8400ADC5AF /* ViewModel.swift */,
			);
			path = ViewModel;
			sourceTree = "<group>";
		};
		D28EF0742AD0F5CA00ADC5AF /* Model */ = {
			isa = PBXGroup;
			children = (
				D28EF06F2AD0EEA100ADC5AF /* Model.swift */,
			);
			path = Model;
			sourceTree = "<group>";
		};
/* End PBXGroup section */

/* Begin PBXNativeTarget section */
		D28EF0552AD0E63500ADC5AF /* MVC&MVVM */ = {
			isa = PBXNativeTarget;
			buildConfigurationList = D28EF06A2AD0E63600ADC5AF /* Build configuration list for PBXNativeTarget "MVC&MVVM" */;
			buildPhases = (
				D28EF0522AD0E63500ADC5AF /* Sources */,
				D28EF0532AD0E63500ADC5AF /* Frameworks */,
				D28EF0542AD0E63500ADC5AF /* Resources */,
			);
			buildRules = (
			);
			dependencies = (
			);
			name = "MVC&MVVM";
			productName = "MVC&MVVM";
			productReference = D28EF0562AD0E63500ADC5AF /* MVC&MVVM.app */;
			productType = "com.apple.product-type.application";
		};
/* End PBXNativeTarget section */

/* Begin PBXProject section */
		D28EF04E2AD0E63500ADC5AF /* Project object */ = {
			isa = PBXProject;
			attributes = {
				BuildIndependentTargetsInParallel = 1;
				LastSwiftUpdateCheck = 1500;
				LastUpgradeCheck = 1500;
				TargetAttributes = {
					D28EF0552AD0E63500ADC5AF = {
						CreatedOnToolsVersion = 15.0;
					};
				};
			};
			buildConfigurationList = D28EF0512AD0E63500ADC5AF /* Build configuration list for PBXProject "MVC&MVVM" */;
			compatibilityVersion = "Xcode 14.0";
			developmentRegion = en;
			hasScannedForEncodings = 0;
			knownRegions = (
				en,
				Base,
			);
			mainGroup = D28EF04D2AD0E63500ADC5AF;
			productRefGroup = D28EF0572AD0E63500ADC5AF /* Products */;
			projectDirPath = "";
			projectRoot = "";
			targets = (
				D28EF0552AD0E63500ADC5AF /* MVC&MVVM */,
			);
		};
/* End PBXProject section */

/* Begin PBXResourcesBuildPhase section */
		D28EF0542AD0E63500ADC5AF /* Resources */ = {
			isa = PBXResourcesBuildPhase;
			buildActionMask = 2147483647;
			files = (
				D28EF0662AD0E63600ADC5AF /* LaunchScreen.storyboard in Resources */,
				D28EF0632AD0E63600ADC5AF /* Assets.xcassets in Resources */,
				D28EF0612AD0E63500ADC5AF /* Main.storyboard in Resources */,
			);
			runOnlyForDeploymentPostprocessing = 0;
		};
/* End PBXResourcesBuildPhase section */

/* Begin PBXSourcesBuildPhase section */
		D28EF0522AD0E63500ADC5AF /* Sources */ = {
			isa = PBXSourcesBuildPhase;
			buildActionMask = 2147483647;
			files = (
				D28EF0702AD0EEA100ADC5AF /* Model.swift in Sources */,
				D28EF05E2AD0E63500ADC5AF /* ViewController.swift in Sources */,
				D28EF05A2AD0E63500ADC5AF /* AppDelegate.swift in Sources */,
				D28EF06E2AD0ED8400ADC5AF /* ViewModel.swift in Sources */,
				D28EF05C2AD0E63500ADC5AF /* SceneDelegate.swift in Sources */,
			);
			runOnlyForDeploymentPostprocessing = 0;
		};
/* End PBXSourcesBuildPhase section */

/* Begin PBXVariantGroup section */
		D28EF05F2AD0E63500ADC5AF /* Main.storyboard */ = {
			isa = PBXVariantGroup;
			children = (
				D28EF0602AD0E63500ADC5AF /* Base */,
			);
			name = Main.storyboard;
			sourceTree = "<group>";
		};
		D28EF0642AD0E63600ADC5AF /* LaunchScreen.storyboard */ = {
			isa = PBXVariantGroup;
			children = (
				D28EF0652AD0E63600ADC5AF /* Base */,
			);
			name = LaunchScreen.storyboard;
			sourceTree = "<group>";
		};
/* End PBXVariantGroup section */

/* Begin XCBuildConfiguration section */
		D28EF0682AD0E63600ADC5AF /* Debug */ = {
			isa = XCBuildConfiguration;
			buildSettings = {
				ALWAYS_SEARCH_USER_PATHS = NO;
				ASSETCATALOG_COMPILER_GENERATE_SWIFT_ASSET_SYMBOL_EXTENSIONS = YES;
				CLANG_ANALYZER_NONNULL = YES;
				CLANG_ANALYZER_NUMBER_OBJECT_CONVERSION = YES_AGGRESSIVE;
				CLANG_CXX_LANGUAGE_STANDARD = "gnu++20";
				CLANG_ENABLE_MODULES = YES;
				CLANG_ENABLE_OBJC_ARC = YES;
				CLANG_ENABLE_OBJC_WEAK = YES;
				CLANG_WARN_BLOCK_CAPTURE_AUTORELEASING = YES;
				CLANG_WARN_BOOL_CONVERSION = YES;
				CLANG_WARN_COMMA = YES;
				CLANG_WARN_CONSTANT_CONVERSION = YES;
				CLANG_WARN_DEPRECATED_OBJC_IMPLEMENTATIONS = YES;
				CLANG_WARN_DIRECT_OBJC_ISA_USAGE = YES_ERROR;
				CLANG_WARN_DOCUMENTATION_COMMENTS = YES;
				CLANG_WARN_EMPTY_BODY = YES;
				CLANG_WARN_ENUM_CONVERSION = YES;
				CLANG_WARN_INFINITE_RECURSION = YES;
				CLANG_WARN_INT_CONVERSION = YES;
				CLANG_WARN_NON_LITERAL_NULL_CONVERSION = YES;
				CLANG_WARN_OBJC_IMPLICIT_RETAIN_SELF = YES;
				CLANG_WARN_OBJC_LITERAL_CONVERSION = YES;
				CLANG_WARN_OBJC_ROOT_CLASS = YES_ERROR;
				CLANG_WARN_QUOTED_INCLUDE_IN_FRAMEWORK_HEADER = YES;
				CLANG_WARN_RANGE_LOOP_ANALYSIS = YES;
				CLANG_WARN_STRICT_PROTOTYPES = YES;
				CLANG_WARN_SUSPICIOUS_MOVE = YES;
				CLANG_WARN_UNGUARDED_AVAILABILITY = YES_AGGRESSIVE;
				CLANG_WARN_UNREACHABLE_CODE = YES;
				CLANG_WARN__DUPLICATE_METHOD_MATCH = YES;
				COPY_PHASE_STRIP = NO;
				DEBUG_INFORMATION_FORMAT = dwarf;
				ENABLE_STRICT_OBJC_MSGSEND = YES;
				ENABLE_TESTABILITY = YES;
				ENABLE_USER_SCRIPT_SANDBOXING = YES;
				GCC_C_LANGUAGE_STANDARD = gnu17;
				GCC_DYNAMIC_NO_PIC = NO;
				GCC_NO_COMMON_BLOCKS = YES;
				GCC_OPTIMIZATION_LEVEL = 0;
				GCC_PREPROCESSOR_DEFINITIONS = (
					"DEBUG=1",
					"$(inherited)",
				);
				GCC_WARN_64_TO_32_BIT_CONVERSION = YES;
				GCC_WARN_ABOUT_RETURN_TYPE = YES_ERROR;
				GCC_WARN_UNDECLARED_SELECTOR = YES;
				GCC_WARN_UNINITIALIZED_AUTOS = YES_AGGRESSIVE;
				GCC_WARN_UNUSED_FUNCTION = YES;
				GCC_WARN_UNUSED_VARIABLE = YES;
				IPHONEOS_DEPLOYMENT_TARGET = 17.0;
				LOCALIZATION_PREFERS_STRING_CATALOGS = YES;
				MTL_ENABLE_DEBUG_INFO = INCLUDE_SOURCE;
				MTL_FAST_MATH = YES;
				ONLY_ACTIVE_ARCH = YES;
				SDKROOT = iphoneos;
				SWIFT_ACTIVE_COMPILATION_CONDITIONS = "DEBUG $(inherited)";
				SWIFT_OPTIMIZATION_LEVEL = "-Onone";
			};
			name = Debug;
		};
		D28EF0692AD0E63600ADC5AF /* Release */ = {
			isa = XCBuildConfiguration;
			buildSettings = {
				ALWAYS_SEARCH_USER_PATHS = NO;
				ASSETCATALOG_COMPILER_GENERATE_SWIFT_ASSET_SYMBOL_EXTENSIONS = YES;
				CLANG_ANALYZER_NONNULL = YES;
				CLANG_ANALYZER_NUMBER_OBJECT_CONVERSION = YES_AGGRESSIVE;
				CLANG_CXX_LANGUAGE_STANDARD = "gnu++20";
				CLANG_ENABLE_MODULES = YES;
				CLANG_ENABLE_OBJC_ARC = YES;
				CLANG_ENABLE_OBJC_WEAK = YES;
				CLANG_WARN_BLOCK_CAPTURE_AUTORELEASING = YES;
				CLANG_WARN_BOOL_CONVERSION = YES;
				CLANG_WARN_COMMA = YES;
				CLANG_WARN_CONSTANT_CONVERSION = YES;
				CLANG_WARN_DEPRECATED_OBJC_IMPLEMENTATIONS = YES;
				CLANG_WARN_DIRECT_OBJC_ISA_USAGE = YES_ERROR;
				CLANG_WARN_DOCUMENTATION_COMMENTS = YES;
				CLANG_WARN_EMPTY_BODY = YES;
				CLANG_WARN_ENUM_CONVERSION = YES;
				CLANG_WARN_INFINITE_RECURSION = YES;
				CLANG_WARN_INT_CONVERSION = YES;
				CLANG_WARN_NON_LITERAL_NULL_CONVERSION = YES;
				CLANG_WARN_OBJC_IMPLICIT_RETAIN_SELF = YES;
				CLANG_WARN_OBJC_LITERAL_CONVERSION = YES;
				CLANG_WARN_OBJC_ROOT_CLASS = YES_ERROR;
				CLANG_WARN_QUOTED_INCLUDE_IN_FRAMEWORK_HEADER = YES;
				CLANG_WARN_RANGE_LOOP_ANALYSIS = YES;
				CLANG_WARN_STRICT_PROTOTYPES = YES;
				CLANG_WARN_SUSPICIOUS_MOVE = YES;
				CLANG_WARN_UNGUARDED_AVAILABILITY = YES_AGGRESSIVE;
				CLANG_WARN_UNREACHABLE_CODE = YES;
				CLANG_WARN__DUPLICATE_METHOD_MATCH = YES;
				COPY_PHASE_STRIP = NO;
				DEBUG_INFORMATION_FORMAT = "dwarf-with-dsym";
				ENABLE_NS_ASSERTIONS = NO;
				ENABLE_STRICT_OBJC_MSGSEND = YES;
				ENABLE_USER_SCRIPT_SANDBOXING = YES;
				GCC_C_LANGUAGE_STANDARD = gnu17;
				GCC_NO_COMMON_BLOCKS = YES;
				GCC_WARN_64_TO_32_BIT_CONVERSION = YES;
				GCC_WARN_ABOUT_RETURN_TYPE = YES_ERROR;
				GCC_WARN_UNDECLARED_SELECTOR = YES;
				GCC_WARN_UNINITIALIZED_AUTOS = YES_AGGRESSIVE;
				GCC_WARN_UNUSED_FUNCTION = YES;
				GCC_WARN_UNUSED_VARIABLE = YES;
				IPHONEOS_DEPLOYMENT_TARGET = 17.0;
				LOCALIZATION_PREFERS_STRING_CATALOGS = YES;
				MTL_ENABLE_DEBUG_INFO = NO;
				MTL_FAST_MATH = YES;
				SDKROOT = iphoneos;
				SWIFT_COMPILATION_MODE = wholemodule;
				VALIDATE_PRODUCT = YES;
			};
			name = Release;
		};
		D28EF06B2AD0E63600ADC5AF /* Debug */ = {
			isa = XCBuildConfiguration;
			buildSettings = {
				ASSETCATALOG_COMPILER_APPICON_NAME = AppIcon;
				ASSETCATALOG_COMPILER_GLOBAL_ACCENT_COLOR_NAME = AccentColor;
				CODE_SIGN_STYLE = Automatic;
				CURRENT_PROJECT_VERSION = 1;
				DEVELOPMENT_TEAM = WWXFNS83RA;
				GENERATE_INFOPLIST_FILE = YES;
				INFOPLIST_FILE = "MVC&MVVM/Info.plist";
				INFOPLIST_KEY_UIApplicationSupportsIndirectInputEvents = YES;
				INFOPLIST_KEY_UILaunchStoryboardName = LaunchScreen;
				INFOPLIST_KEY_UIMainStoryboardFile = Main;
				INFOPLIST_KEY_UISupportedInterfaceOrientations_iPad = "UIInterfaceOrientationPortrait UIInterfaceOrientationPortraitUpsideDown UIInterfaceOrientationLandscapeLeft UIInterfaceOrientationLandscapeRight";
				INFOPLIST_KEY_UISupportedInterfaceOrientations_iPhone = "UIInterfaceOrientationPortrait UIInterfaceOrientationLandscapeLeft UIInterfaceOrientationLandscapeRight";
				LD_RUNPATH_SEARCH_PATHS = (
					"$(inherited)",
					"@executable_path/Frameworks",
				);
				MARKETING_VERSION = 1.0;
				PRODUCT_BUNDLE_IDENTIFIER = "sha.MVC-MVVM";
				PRODUCT_NAME = "$(TARGET_NAME)";
				SUPPORTED_PLATFORMS = "iphoneos iphonesimulator";
				SUPPORTS_MACCATALYST = NO;
				SUPPORTS_MAC_DESIGNED_FOR_IPHONE_IPAD = NO;
				SWIFT_EMIT_LOC_STRINGS = YES;
				SWIFT_VERSION = 5.0;
				TARGETED_DEVICE_FAMILY = "1,2";
			};
			name = Debug;
		};
		D28EF06C2AD0E63600ADC5AF /* Release */ = {
			isa = XCBuildConfiguration;
			buildSettings = {
				ASSETCATALOG_COMPILER_APPICON_NAME = AppIcon;
				ASSETCATALOG_COMPILER_GLOBAL_ACCENT_COLOR_NAME = AccentColor;
				CODE_SIGN_STYLE = Automatic;
				CURRENT_PROJECT_VERSION = 1;
				DEVELOPMENT_TEAM = WWXFNS83RA;
				GENERATE_INFOPLIST_FILE = YES;
				INFOPLIST_FILE = "MVC&MVVM/Info.plist";
				INFOPLIST_KEY_UIApplicationSupportsIndirectInputEvents = YES;
				INFOPLIST_KEY_UILaunchStoryboardName = LaunchScreen;
				INFOPLIST_KEY_UIMainStoryboardFile = Main;
				INFOPLIST_KEY_UISupportedInterfaceOrientations_iPad = "UIInterfaceOrientationPortrait UIInterfaceOrientationPortraitUpsideDown UIInterfaceOrientationLandscapeLeft UIInterfaceOrientationLandscapeRight";
				INFOPLIST_KEY_UISupportedInterfaceOrientations_iPhone = "UIInterfaceOrientationPortrait UIInterfaceOrientationLandscapeLeft UIInterfaceOrientationLandscapeRight";
				LD_RUNPATH_SEARCH_PATHS = (
					"$(inherited)",
					"@executable_path/Frameworks",
				);
				MARKETING_VERSION = 1.0;
				PRODUCT_BUNDLE_IDENTIFIER = "sha.MVC-MVVM";
				PRODUCT_NAME = "$(TARGET_NAME)";
				SUPPORTED_PLATFORMS = "iphoneos iphonesimulator";
				SUPPORTS_MACCATALYST = NO;
				SUPPORTS_MAC_DESIGNED_FOR_IPHONE_IPAD = NO;
				SWIFT_EMIT_LOC_STRINGS = YES;
				SWIFT_VERSION = 5.0;
				TARGETED_DEVICE_FAMILY = "1,2";
			};
			name = Release;
		};
/* End XCBuildConfiguration section */

/* Begin XCConfigurationList section */
		D28EF0512AD0E63500ADC5AF /* Build configuration list for PBXProject "MVC&MVVM" */ = {
			isa = XCConfigurationList;
			buildConfigurations = (
				D28EF0682AD0E63600ADC5AF /* Debug */,
				D28EF0692AD0E63600ADC5AF /* Release */,
			);
			defaultConfigurationIsVisible = 0;
			defaultConfigurationName = Release;
		};
		D28EF06A2AD0E63600ADC5AF /* Build configuration list for PBXNativeTarget "MVC&MVVM" */ = {
			isa = XCConfigurationList;
			buildConfigurations = (
				D28EF06B2AD0E63600ADC5AF /* Debug */,
				D28EF06C2AD0E63600ADC5AF /* Release */,
			);
			defaultConfigurationIsVisible = 0;
			defaultConfigurationName = Release;
		};
/* End XCConfigurationList section */
	};
	rootObject = D28EF04E2AD0E63500ADC5AF /* Project object */;
}
