// !$*UTF8*$!
{
	archiveVersion = 1;
	classes = {
	};
	objectVersion = 56;
	objects = {

/* Begin PBXBuildFile section */
		D2A6AE562A7490B300CE5903 /* AppDelegate.swift in Sources */ = {isa = PBXBuildFile; fileRef = D2A6AE552A7490B300CE5903 /* AppDelegate.swift */; };
		D2A6AE582A7490B300CE5903 /* SceneDelegate.swift in Sources */ = {isa = PBXBuildFile; fileRef = D2A6AE572A7490B300CE5903 /* SceneDelegate.swift */; };
		D2A6AE5A2A7490B300CE5903 /* ViewController.swift in Sources */ = {isa = PBXBuildFile; fileRef = D2A6AE592A7490B300CE5903 /* ViewController.swift */; };
		D2A6AE5D2A7490B300CE5903 /* Main.storyboard in Resources */ = {isa = PBXBuildFile; fileRef = D2A6AE5B2A7490B300CE5903 /* Main.storyboard */; };
		D2A6AE5F2A7490B400CE5903 /* Assets.xcassets in Resources */ = {isa = PBXBuildFile; fileRef = D2A6AE5E2A7490B400CE5903 /* Assets.xcassets */; };
		D2A6AE622A7490B400CE5903 /* LaunchScreen.storyboard in Resources */ = {isa = PBXBuildFile; fileRef = D2A6AE602A7490B400CE5903 /* LaunchScreen.storyboard */; };
		D2A6AE702A74A75B00CE5903 /* MyCollectionViewCell.swift in Sources */ = {isa = PBXBuildFile; fileRef = D2A6AE6F2A74A75B00CE5903 /* MyCollectionViewCell.swift */; };
/* End PBXBuildFile section */

/* Begin PBXFileReference section */
		D2A6AE522A7490B300CE5903 /* satStudy_CollectionView_Serena.app */ = {isa = PBXFileReference; explicitFileType = wrapper.application; includeInIndex = 0; path = satStudy_CollectionView_Serena.app; sourceTree = BUILT_PRODUCTS_DIR; };
		D2A6AE552A7490B300CE5903 /* AppDelegate.swift */ = {isa = PBXFileReference; lastKnownFileType = sourcecode.swift; path = AppDelegate.swift; sourceTree = "<group>"; };
		D2A6AE572A7490B300CE5903 /* SceneDelegate.swift */ = {isa = PBXFileReference; lastKnownFileType = sourcecode.swift; path = SceneDelegate.swift; sourceTree = "<group>"; };
		D2A6AE592A7490B300CE5903 /* ViewController.swift */ = {isa = PBXFileReference; lastKnownFileType = sourcecode.swift; path = ViewController.swift; sourceTree = "<group>"; };
		D2A6AE5C2A7490B300CE5903 /* Base */ = {isa = PBXFileReference; lastKnownFileType = file.storyboard; name = Base; path = Base.lproj/Main.storyboard; sourceTree = "<group>"; };
		D2A6AE5E2A7490B400CE5903 /* Assets.xcassets */ = {isa = PBXFileReference; lastKnownFileType = folder.assetcatalog; path = Assets.xcassets; sourceTree = "<group>"; };
		D2A6AE612A7490B400CE5903 /* Base */ = {isa = PBXFileReference; lastKnownFileType = file.storyboard; name = Base; path = Base.lproj/LaunchScreen.storyboard; sourceTree = "<group>"; };
		D2A6AE632A7490B400CE5903 /* Info.plist */ = {isa = PBXFileReference; lastKnownFileType = text.plist.xml; path = Info.plist; sourceTree = "<group>"; };
		D2A6AE6F2A74A75B00CE5903 /* MyCollectionViewCell.swift */ = {isa = PBXFileReference; lastKnownFileType = sourcecode.swift; path = MyCollectionViewCell.swift; sourceTree = "<group>"; };
/* End PBXFileReference section */

/* Begin PBXFrameworksBuildPhase section */
		D2A6AE4F2A7490B300CE5903 /* Frameworks */ = {
			isa = PBXFrameworksBuildPhase;
			buildActionMask = 2147483647;
			files = (
			);
			runOnlyForDeploymentPostprocessing = 0;
		};
/* End PBXFrameworksBuildPhase section */

/* Begin PBXGroup section */
		D2A6AE492A7490B300CE5903 = {
			isa = PBXGroup;
			children = (
				D2A6AE542A7490B300CE5903 /* satStudy_CollectionView_Serena */,
				D2A6AE532A7490B300CE5903 /* Products */,
			);
			sourceTree = "<group>";
		};
		D2A6AE532A7490B300CE5903 /* Products */ = {
			isa = PBXGroup;
			children = (
				D2A6AE522A7490B300CE5903 /* satStudy_CollectionView_Serena.app */,
			);
			name = Products;
			sourceTree = "<group>";
		};
		D2A6AE542A7490B300CE5903 /* satStudy_CollectionView_Serena */ = {
			isa = PBXGroup;
			children = (
				D2A6AE552A7490B300CE5903 /* AppDelegate.swift */,
				D2A6AE572A7490B300CE5903 /* SceneDelegate.swift */,
				D2A6AE592A7490B300CE5903 /* ViewController.swift */,
				D2A6AE6F2A74A75B00CE5903 /* MyCollectionViewCell.swift */,
				D2A6AE5B2A7490B300CE5903 /* Main.storyboard */,
				D2A6AE5E2A7490B400CE5903 /* Assets.xcassets */,
				D2A6AE602A7490B400CE5903 /* LaunchScreen.storyboard */,
				D2A6AE632A7490B400CE5903 /* Info.plist */,
			);
			path = satStudy_CollectionView_Serena;
			sourceTree = "<group>";
		};
/* End PBXGroup section */

/* Begin PBXNativeTarget section */
		D2A6AE512A7490B300CE5903 /* satStudy_CollectionView_Serena */ = {
			isa = PBXNativeTarget;
			buildConfigurationList = D2A6AE662A7490B400CE5903 /* Build configuration list for PBXNativeTarget "satStudy_CollectionView_Serena" */;
			buildPhases = (
				D2A6AE4E2A7490B300CE5903 /* Sources */,
				D2A6AE4F2A7490B300CE5903 /* Frameworks */,
				D2A6AE502A7490B300CE5903 /* Resources */,
			);
			buildRules = (
			);
			dependencies = (
			);
			name = satStudy_CollectionView_Serena;
			productName = satStudy_CollectionView_Serena;
			productReference = D2A6AE522A7490B300CE5903 /* satStudy_CollectionView_Serena.app */;
			productType = "com.apple.product-type.application";
		};
/* End PBXNativeTarget section */

/* Begin PBXProject section */
		D2A6AE4A2A7490B300CE5903 /* Project object */ = {
			isa = PBXProject;
			attributes = {
				BuildIndependentTargetsInParallel = 1;
				LastSwiftUpdateCheck = 1430;
				LastUpgradeCheck = 1430;
				TargetAttributes = {
					D2A6AE512A7490B300CE5903 = {
						CreatedOnToolsVersion = 14.3.1;
					};
				};
			};
			buildConfigurationList = D2A6AE4D2A7490B300CE5903 /* Build configuration list for PBXProject "satStudy_CollectionView_Serena" */;
			compatibilityVersion = "Xcode 14.0";
			developmentRegion = en;
			hasScannedForEncodings = 0;
			knownRegions = (
				en,
				Base,
			);
			mainGroup = D2A6AE492A7490B300CE5903;
			productRefGroup = D2A6AE532A7490B300CE5903 /* Products */;
			projectDirPath = "";
			projectRoot = "";
			targets = (
				D2A6AE512A7490B300CE5903 /* satStudy_CollectionView_Serena */,
			);
		};
/* End PBXProject section */

/* Begin PBXResourcesBuildPhase section */
		D2A6AE502A7490B300CE5903 /* Resources */ = {
			isa = PBXResourcesBuildPhase;
			buildActionMask = 2147483647;
			files = (
				D2A6AE622A7490B400CE5903 /* LaunchScreen.storyboard in Resources */,
				D2A6AE5F2A7490B400CE5903 /* Assets.xcassets in Resources */,
				D2A6AE5D2A7490B300CE5903 /* Main.storyboard in Resources */,
			);
			runOnlyForDeploymentPostprocessing = 0;
		};
/* End PBXResourcesBuildPhase section */

/* Begin PBXSourcesBuildPhase section */
		D2A6AE4E2A7490B300CE5903 /* Sources */ = {
			isa = PBXSourcesBuildPhase;
			buildActionMask = 2147483647;
			files = (
				D2A6AE5A2A7490B300CE5903 /* ViewController.swift in Sources */,
				D2A6AE562A7490B300CE5903 /* AppDelegate.swift in Sources */,
				D2A6AE702A74A75B00CE5903 /* MyCollectionViewCell.swift in Sources */,
				D2A6AE582A7490B300CE5903 /* SceneDelegate.swift in Sources */,
			);
			runOnlyForDeploymentPostprocessing = 0;
		};
/* End PBXSourcesBuildPhase section */

/* Begin PBXVariantGroup section */
		D2A6AE5B2A7490B300CE5903 /* Main.storyboard */ = {
			isa = PBXVariantGroup;
			children = (
				D2A6AE5C2A7490B300CE5903 /* Base */,
			);
			name = Main.storyboard;
			sourceTree = "<group>";
		};
		D2A6AE602A7490B400CE5903 /* LaunchScreen.storyboard */ = {
			isa = PBXVariantGroup;
			children = (
				D2A6AE612A7490B400CE5903 /* Base */,
			);
			name = LaunchScreen.storyboard;
			sourceTree = "<group>";
		};
/* End PBXVariantGroup section */

/* Begin XCBuildConfiguration section */
		D2A6AE642A7490B400CE5903 /* Debug */ = {
			isa = XCBuildConfiguration;
			buildSettings = {
				ALWAYS_SEARCH_USER_PATHS = NO;
				CLANG_ANALYZER_NONNULL = YES;
				CLANG_ANALYZER_NUMBER_OBJECT_CONVERSION = YES_AGGRESSIVE;
				CLANG_CXX_LANGUAGE_STANDARD = "gnu++20";
				CLANG_ENABLE_MODULES = YES;
				CLANG_ENABLE_OBJC_ARC = YES;
				CLANG_ENABLE_OBJC_WEAK = YES;
				CLANG_WARN_BLOCK_CAPTURE_AUTORELEASING = YES;
				CLANG_WARN_BOOL_CONVERSION = YES;
				CLANG_WARN_COMMA = YES;
				CLANG_WARN_CONSTANT_CONVERSION = YES;
				CLANG_WARN_DEPRECATED_OBJC_IMPLEMENTATIONS = YES;
				CLANG_WARN_DIRECT_OBJC_ISA_USAGE = YES_ERROR;
				CLANG_WARN_DOCUMENTATION_COMMENTS = YES;
				CLANG_WARN_EMPTY_BODY = YES;
				CLANG_WARN_ENUM_CONVERSION = YES;
				CLANG_WARN_INFINITE_RECURSION = YES;
				CLANG_WARN_INT_CONVERSION = YES;
				CLANG_WARN_NON_LITERAL_NULL_CONVERSION = YES;
				CLANG_WARN_OBJC_IMPLICIT_RETAIN_SELF = YES;
				CLANG_WARN_OBJC_LITERAL_CONVERSION = YES;
				CLANG_WARN_OBJC_ROOT_CLASS = YES_ERROR;
				CLANG_WARN_QUOTED_INCLUDE_IN_FRAMEWORK_HEADER = YES;
				CLANG_WARN_RANGE_LOOP_ANALYSIS = YES;
				CLANG_WARN_STRICT_PROTOTYPES = YES;
				CLANG_WARN_SUSPICIOUS_MOVE = YES;
				CLANG_WARN_UNGUARDED_AVAILABILITY = YES_AGGRESSIVE;
				CLANG_WARN_UNREACHABLE_CODE = YES;
				CLANG_WARN__DUPLICATE_METHOD_MATCH = YES;
				COPY_PHASE_STRIP = NO;
				DEBUG_INFORMATION_FORMAT = dwarf;
				ENABLE_STRICT_OBJC_MSGSEND = YES;
				ENABLE_TESTABILITY = YES;
				GCC_C_LANGUAGE_STANDARD = gnu11;
				GCC_DYNAMIC_NO_PIC = NO;
				GCC_NO_COMMON_BLOCKS = YES;
				GCC_OPTIMIZATION_LEVEL = 0;
				GCC_PREPROCESSOR_DEFINITIONS = (
					"DEBUG=1",
					"$(inherited)",
				);
				GCC_WARN_64_TO_32_BIT_CONVERSION = YES;
				GCC_WARN_ABOUT_RETURN_TYPE = YES_ERROR;
				GCC_WARN_UNDECLARED_SELECTOR = YES;
				GCC_WARN_UNINITIALIZED_AUTOS = YES_AGGRESSIVE;
				GCC_WARN_UNUSED_FUNCTION = YES;
				GCC_WARN_UNUSED_VARIABLE = YES;
				IPHONEOS_DEPLOYMENT_TARGET = 16.4;
				MTL_ENABLE_DEBUG_INFO = INCLUDE_SOURCE;
				MTL_FAST_MATH = YES;
				ONLY_ACTIVE_ARCH = YES;
				SDKROOT = iphoneos;
				SWIFT_ACTIVE_COMPILATION_CONDITIONS = DEBUG;
				SWIFT_OPTIMIZATION_LEVEL = "-Onone";
			};
			name = Debug;
		};
		D2A6AE652A7490B400CE5903 /* Release */ = {
			isa = XCBuildConfiguration;
			buildSettings = {
				ALWAYS_SEARCH_USER_PATHS = NO;
				CLANG_ANALYZER_NONNULL = YES;
				CLANG_ANALYZER_NUMBER_OBJECT_CONVERSION = YES_AGGRESSIVE;
				CLANG_CXX_LANGUAGE_STANDARD = "gnu++20";
				CLANG_ENABLE_MODULES = YES;
				CLANG_ENABLE_OBJC_ARC = YES;
				CLANG_ENABLE_OBJC_WEAK = YES;
				CLANG_WARN_BLOCK_CAPTURE_AUTORELEASING = YES;
				CLANG_WARN_BOOL_CONVERSION = YES;
				CLANG_WARN_COMMA = YES;
				CLANG_WARN_CONSTANT_CONVERSION = YES;
				CLANG_WARN_DEPRECATED_OBJC_IMPLEMENTATIONS = YES;
				CLANG_WARN_DIRECT_OBJC_ISA_USAGE = YES_ERROR;
				CLANG_WARN_DOCUMENTATION_COMMENTS = YES;
				CLANG_WARN_EMPTY_BODY = YES;
				CLANG_WARN_ENUM_CONVERSION = YES;
				CLANG_WARN_INFINITE_RECURSION = YES;
				CLANG_WARN_INT_CONVERSION = YES;
				CLANG_WARN_NON_LITERAL_NULL_CONVERSION = YES;
				CLANG_WARN_OBJC_IMPLICIT_RETAIN_SELF = YES;
				CLANG_WARN_OBJC_LITERAL_CONVERSION = YES;
				CLANG_WARN_OBJC_ROOT_CLASS = YES_ERROR;
				CLANG_WARN_QUOTED_INCLUDE_IN_FRAMEWORK_HEADER = YES;
				CLANG_WARN_RANGE_LOOP_ANALYSIS = YES;
				CLANG_WARN_STRICT_PROTOTYPES = YES;
				CLANG_WARN_SUSPICIOUS_MOVE = YES;
				CLANG_WARN_UNGUARDED_AVAILABILITY = YES_AGGRESSIVE;
				CLANG_WARN_UNREACHABLE_CODE = YES;
				CLANG_WARN__DUPLICATE_METHOD_MATCH = YES;
				COPY_PHASE_STRIP = NO;
				DEBUG_INFORMATION_FORMAT = "dwarf-with-dsym";
				ENABLE_NS_ASSERTIONS = NO;
				ENABLE_STRICT_OBJC_MSGSEND = YES;
				GCC_C_LANGUAGE_STANDARD = gnu11;
				GCC_NO_COMMON_BLOCKS = YES;
				GCC_WARN_64_TO_32_BIT_CONVERSION = YES;
				GCC_WARN_ABOUT_RETURN_TYPE = YES_ERROR;
				GCC_WARN_UNDECLARED_SELECTOR = YES;
				GCC_WARN_UNINITIALIZED_AUTOS = YES_AGGRESSIVE;
				GCC_WARN_UNUSED_FUNCTION = YES;
				GCC_WARN_UNUSED_VARIABLE = YES;
				IPHONEOS_DEPLOYMENT_TARGET = 16.4;
				MTL_ENABLE_DEBUG_INFO = NO;
				MTL_FAST_MATH = YES;
				SDKROOT = iphoneos;
				SWIFT_COMPILATION_MODE = wholemodule;
				SWIFT_OPTIMIZATION_LEVEL = "-O";
				VALIDATE_PRODUCT = YES;
			};
			name = Release;
		};
		D2A6AE672A7490B400CE5903 /* Debug */ = {
			isa = XCBuildConfiguration;
			buildSettings = {
				ASSETCATALOG_COMPILER_APPICON_NAME = AppIcon;
				ASSETCATALOG_COMPILER_GLOBAL_ACCENT_COLOR_NAME = AccentColor;
				CODE_SIGN_STYLE = Automatic;
				CURRENT_PROJECT_VERSION = 1;
				DEVELOPMENT_TEAM = WWXFNS83RA;
				GENERATE_INFOPLIST_FILE = YES;
				INFOPLIST_FILE = satStudy_CollectionView_Serena/Info.plist;
				INFOPLIST_KEY_UIApplicationSupportsIndirectInputEvents = YES;
				INFOPLIST_KEY_UILaunchStoryboardName = LaunchScreen;
				INFOPLIST_KEY_UIMainStoryboardFile = Main;
				INFOPLIST_KEY_UISupportedInterfaceOrientations_iPad = "UIInterfaceOrientationPortrait UIInterfaceOrientationPortraitUpsideDown UIInterfaceOrientationLandscapeLeft UIInterfaceOrientationLandscapeRight";
				INFOPLIST_KEY_UISupportedInterfaceOrientations_iPhone = "UIInterfaceOrientationPortrait UIInterfaceOrientationLandscapeLeft UIInterfaceOrientationLandscapeRight";
				LD_RUNPATH_SEARCH_PATHS = (
					"$(inherited)",
					"@executable_path/Frameworks",
				);
				MARKETING_VERSION = 1.0;
				PRODUCT_BUNDLE_IDENTIFIER = "sha.satStudy-CollectionView-Serena";
				PRODUCT_NAME = "$(TARGET_NAME)";
				SUPPORTED_PLATFORMS = "iphoneos iphonesimulator";
				SUPPORTS_MACCATALYST = NO;
				SUPPORTS_MAC_DESIGNED_FOR_IPHONE_IPAD = NO;
				SWIFT_EMIT_LOC_STRINGS = YES;
				SWIFT_VERSION = 5.0;
				TARGETED_DEVICE_FAMILY = "1,2";
			};
			name = Debug;
		};
		D2A6AE682A7490B400CE5903 /* Release */ = {
			isa = XCBuildConfiguration;
			buildSettings = {
				ASSETCATALOG_COMPILER_APPICON_NAME = AppIcon;
				ASSETCATALOG_COMPILER_GLOBAL_ACCENT_COLOR_NAME = AccentColor;
				CODE_SIGN_STYLE = Automatic;
				CURRENT_PROJECT_VERSION = 1;
				DEVELOPMENT_TEAM = WWXFNS83RA;
				GENERATE_INFOPLIST_FILE = YES;
				INFOPLIST_FILE = satStudy_CollectionView_Serena/Info.plist;
				INFOPLIST_KEY_UIApplicationSupportsIndirectInputEvents = YES;
				INFOPLIST_KEY_UILaunchStoryboardName = LaunchScreen;
				INFOPLIST_KEY_UIMainStoryboardFile = Main;
				INFOPLIST_KEY_UISupportedInterfaceOrientations_iPad = "UIInterfaceOrientationPortrait UIInterfaceOrientationPortraitUpsideDown UIInterfaceOrientationLandscapeLeft UIInterfaceOrientationLandscapeRight";
				INFOPLIST_KEY_UISupportedInterfaceOrientations_iPhone = "UIInterfaceOrientationPortrait UIInterfaceOrientationLandscapeLeft UIInterfaceOrientationLandscapeRight";
				LD_RUNPATH_SEARCH_PATHS = (
					"$(inherited)",
					"@executable_path/Frameworks",
				);
				MARKETING_VERSION = 1.0;
				PRODUCT_BUNDLE_IDENTIFIER = "sha.satStudy-CollectionView-Serena";
				PRODUCT_NAME = "$(TARGET_NAME)";
				SUPPORTED_PLATFORMS = "iphoneos iphonesimulator";
				SUPPORTS_MACCATALYST = NO;
				SUPPORTS_MAC_DESIGNED_FOR_IPHONE_IPAD = NO;
				SWIFT_EMIT_LOC_STRINGS = YES;
				SWIFT_VERSION = 5.0;
				TARGETED_DEVICE_FAMILY = "1,2";
			};
			name = Release;
		};
/* End XCBuildConfiguration section */

/* Begin XCConfigurationList section */
		D2A6AE4D2A7490B300CE5903 /* Build configuration list for PBXProject "satStudy_CollectionView_Serena" */ = {
			isa = XCConfigurationList;
			buildConfigurations = (
				D2A6AE642A7490B400CE5903 /* Debug */,
				D2A6AE652A7490B400CE5903 /* Release */,
			);
			defaultConfigurationIsVisible = 0;
			defaultConfigurationName = Release;
		};
		D2A6AE662A7490B400CE5903 /* Build configuration list for PBXNativeTarget "satStudy_CollectionView_Serena" */ = {
			isa = XCConfigurationList;
			buildConfigurations = (
				D2A6AE672A7490B400CE5903 /* Debug */,
				D2A6AE682A7490B400CE5903 /* Release */,
			);
			defaultConfigurationIsVisible = 0;
			defaultConfigurationName = Release;
		};
/* End XCConfigurationList section */
	};
	rootObject = D2A6AE4A2A7490B300CE5903 /* Project object */;
}
